{
  "name": "kindle-notes-helper",
  "version": "1.0.0",
  "lockfileVersion": 1,
  "requires": true,
  "dependencies": {
    "kindle-clipping": {
      "version": "1.0.6",
      "resolved": "https://registry.npmmirror.com/kindle-clipping/-/kindle-clipping-1.0.6.tgz",
      "integrity": "sha512-U3kbZ7Niv528h5F7LZztei5J/fHZLc8MWL7PEHmxHn7/usRpfny9ZOLxbxVx3b7qws1fmU61FhUcGsI5HbZK0g=="
    }
  }
}
